
Microsoft Visual Studio Solution File, Format Version 12.00
# Visual Studio Version 17
VisualStudioVersion = 17.14.36518.9
MinimumVisualStudioVersion = 10.0.40219.1
Project("{FAE04EC0-301F-11D3-BF4B-00C04F79EFBC}") = "OrderApi", "OrderApi.csproj", "{8E7B6BE4-8DD8-4270-AC2F-C0C886814ED4}"
EndProject
Project("{FAE04EC0-301F-11D3-BF4B-00C04F79EFBC}") = "OrderApi.Application", "..\OrderApi.Application\OrderApi.Application.csproj", "{6A5DD651-A317-49A0-AA9E-16DBB8F126C4}"
EndProject
Project("{FAE04EC0-301F-11D3-BF4B-00C04F79EFBC}") = "OrderApi.Domain", "..\OrderApi.Domain\OrderApi.Domain.csproj", "{2B6F91F2-C4FC-4717-A8D9-B3096F8B6282}"
EndProject
Project("{FAE04EC0-301F-11D3-BF4B-00C04F79EFBC}") = "OrderApi.Infrastructure", "..\OrderApi.Infrastructure\OrderApi.Infrastructure.csproj", "{F3AAAEF2-BFC5-4E22-B983-D718EC6D12BD}"
EndProject
Project("{FAE04EC0-301F-11D3-BF4B-00C04F79EFBC}") = "OrderAPITest", "..\OrderAPITest\OrderAPITest.csproj", "{6D787A6E-13C1-4C39-B42B-50D6A888DD1A}"
EndProject
Global
	GlobalSection(SolutionConfigurationPlatforms) = preSolution
		Debug|Any CPU = Debug|Any CPU
		Release|Any CPU = Release|Any CPU
	EndGlobalSection
	GlobalSection(ProjectConfigurationPlatforms) = postSolution
		{8E7B6BE4-8DD8-4270-AC2F-C0C886814ED4}.Debug|Any CPU.ActiveCfg = Debug|Any CPU
		{8E7B6BE4-8DD8-4270-AC2F-C0C886814ED4}.Debug|Any CPU.Build.0 = Debug|Any CPU
		{8E7B6BE4-8DD8-4270-AC2F-C0C886814ED4}.Release|Any CPU.ActiveCfg = Release|Any CPU
		{8E7B6BE4-8DD8-4270-AC2F-C0C886814ED4}.Release|Any CPU.Build.0 = Release|Any CPU
		{6A5DD651-A317-49A0-AA9E-16DBB8F126C4}.Debug|Any CPU.ActiveCfg = Debug|Any CPU
		{6A5DD651-A317-49A0-AA9E-16DBB8F126C4}.Debug|Any CPU.Build.0 = Debug|Any CPU
		{6A5DD651-A317-49A0-AA9E-16DBB8F126C4}.Release|Any CPU.ActiveCfg = Release|Any CPU
		{6A5DD651-A317-49A0-AA9E-16DBB8F126C4}.Release|Any CPU.Build.0 = Release|Any CPU
		{2B6F91F2-C4FC-4717-A8D9-B3096F8B6282}.Debug|Any CPU.ActiveCfg = Debug|Any CPU
		{2B6F91F2-C4FC-4717-A8D9-B3096F8B6282}.Debug|Any CPU.Build.0 = Debug|Any CPU
		{2B6F91F2-C4FC-4717-A8D9-B3096F8B6282}.Release|Any CPU.ActiveCfg = Release|Any CPU
		{2B6F91F2-C4FC-4717-A8D9-B3096F8B6282}.Release|Any CPU.Build.0 = Release|Any CPU
		{F3AAAEF2-BFC5-4E22-B983-D718EC6D12BD}.Debug|Any CPU.ActiveCfg = Debug|Any CPU
		{F3AAAEF2-BFC5-4E22-B983-D718EC6D12BD}.Debug|Any CPU.Build.0 = Debug|Any CPU
		{F3AAAEF2-BFC5-4E22-B983-D718EC6D12BD}.Release|Any CPU.ActiveCfg = Release|Any CPU
		{F3AAAEF2-BFC5-4E22-B983-D718EC6D12BD}.Release|Any CPU.Build.0 = Release|Any CPU
		{6D787A6E-13C1-4C39-B42B-50D6A888DD1A}.Debug|Any CPU.ActiveCfg = Debug|Any CPU
		{6D787A6E-13C1-4C39-B42B-50D6A888DD1A}.Debug|Any CPU.Build.0 = Debug|Any CPU
		{6D787A6E-13C1-4C39-B42B-50D6A888DD1A}.Release|Any CPU.ActiveCfg = Release|Any CPU
		{6D787A6E-13C1-4C39-B42B-50D6A888DD1A}.Release|Any CPU.Build.0 = Release|Any CPU
	EndGlobalSection
	GlobalSection(SolutionProperties) = preSolution
		HideSolutionNode = FALSE
	EndGlobalSection
	GlobalSection(ExtensibilityGlobals) = postSolution
		SolutionGuid = {448A6532-9327-4B2B-B396-C903BE63B88E}
	EndGlobalSection
EndGlobal
